
Microsoft Visual Studio Solution File, Format Version 12.00
# Visual Studio Version 17
VisualStudioVersion = 17.9.34902.65
MinimumVisualStudioVersion = 10.0.40219.1
Project("{9A19103F-16F7-4668-BE54-9A1E7A4F7556}") = "DAL", "DAL\DAL.csproj", "{9BDF5C81-A192-49FB-86CC-2552C5B3F7D5}"
EndProject
Project("{9A19103F-16F7-4668-BE54-9A1E7A4F7556}") = "Entities", "Entities\Entities.csproj", "{1E6173A4-8CA4-4F75-A518-53DF746A0DAE}"
EndProject
Project("{9A19103F-16F7-4668-BE54-9A1E7A4F7556}") = "ConsoleApp1TestDAL", "ConsoleApp1TestDAL\ConsoleApp1TestDAL.csproj", "{7744D596-45C2-40D9-B798-99ACB1B8C536}"
EndProject
Project("{9A19103F-16F7-4668-BE54-9A1E7A4F7556}") = "BLL", "BLL\BLL.csproj", "{040C763E-9A31-482C-BCA1-E245CB04FB38}"
EndProject
Project("{9A19103F-16F7-4668-BE54-9A1E7A4F7556}") = "SLC", "SLC\SLC.csproj", "{B4C34FFF-6282-465E-B05B-ED7DEA8CE1E7}"
EndProject
Project("{9A19103F-16F7-4668-BE54-9A1E7A4F7556}") = "Service", "Service\Service.csproj", "{8FC741D0-490D-4A07-BD93-C5F2299CE24A}"
EndProject
Project("{9A19103F-16F7-4668-BE54-9A1E7A4F7556}") = "ProxyService", "ProxyService\ProxyService.csproj", "{4221CDEF-83FD-439C-B512-545667FD28A2}"
EndProject
Project("{FAE04EC0-301F-11D3-BF4B-00C04F79EFBC}") = "WebApplicationOrders", "WebApplicationOrders\WebApplicationOrders.csproj", "{66ABAC92-41F9-451F-99C3-5C990F8A08F9}"
EndProject
Global
	GlobalSection(SolutionConfigurationPlatforms) = preSolution
		Debug|Any CPU = Debug|Any CPU
		Release|Any CPU = Release|Any CPU
	EndGlobalSection
	GlobalSection(ProjectConfigurationPlatforms) = postSolution
		{9BDF5C81-A192-49FB-86CC-2552C5B3F7D5}.Debug|Any CPU.ActiveCfg = Debug|Any CPU
		{9BDF5C81-A192-49FB-86CC-2552C5B3F7D5}.Debug|Any CPU.Build.0 = Debug|Any CPU
		{9BDF5C81-A192-49FB-86CC-2552C5B3F7D5}.Release|Any CPU.ActiveCfg = Release|Any CPU
		{9BDF5C81-A192-49FB-86CC-2552C5B3F7D5}.Release|Any CPU.Build.0 = Release|Any CPU
		{1E6173A4-8CA4-4F75-A518-53DF746A0DAE}.Debug|Any CPU.ActiveCfg = Debug|Any CPU
		{1E6173A4-8CA4-4F75-A518-53DF746A0DAE}.Debug|Any CPU.Build.0 = Debug|Any CPU
		{1E6173A4-8CA4-4F75-A518-53DF746A0DAE}.Release|Any CPU.ActiveCfg = Release|Any CPU
		{1E6173A4-8CA4-4F75-A518-53DF746A0DAE}.Release|Any CPU.Build.0 = Release|Any CPU
		{7744D596-45C2-40D9-B798-99ACB1B8C536}.Debug|Any CPU.ActiveCfg = Debug|Any CPU
		{7744D596-45C2-40D9-B798-99ACB1B8C536}.Debug|Any CPU.Build.0 = Debug|Any CPU
		{7744D596-45C2-40D9-B798-99ACB1B8C536}.Release|Any CPU.ActiveCfg = Release|Any CPU
		{7744D596-45C2-40D9-B798-99ACB1B8C536}.Release|Any CPU.Build.0 = Release|Any CPU
		{040C763E-9A31-482C-BCA1-E245CB04FB38}.Debug|Any CPU.ActiveCfg = Debug|Any CPU
		{040C763E-9A31-482C-BCA1-E245CB04FB38}.Debug|Any CPU.Build.0 = Debug|Any CPU
		{040C763E-9A31-482C-BCA1-E245CB04FB38}.Release|Any CPU.ActiveCfg = Release|Any CPU
		{040C763E-9A31-482C-BCA1-E245CB04FB38}.Release|Any CPU.Build.0 = Release|Any CPU
		{B4C34FFF-6282-465E-B05B-ED7DEA8CE1E7}.Debug|Any CPU.ActiveCfg = Debug|Any CPU
		{B4C34FFF-6282-465E-B05B-ED7DEA8CE1E7}.Debug|Any CPU.Build.0 = Debug|Any CPU
		{B4C34FFF-6282-465E-B05B-ED7DEA8CE1E7}.Release|Any CPU.ActiveCfg = Release|Any CPU
		{B4C34FFF-6282-465E-B05B-ED7DEA8CE1E7}.Release|Any CPU.Build.0 = Release|Any CPU
		{8FC741D0-490D-4A07-BD93-C5F2299CE24A}.Debug|Any CPU.ActiveCfg = Debug|Any CPU
		{8FC741D0-490D-4A07-BD93-C5F2299CE24A}.Debug|Any CPU.Build.0 = Debug|Any CPU
		{8FC741D0-490D-4A07-BD93-C5F2299CE24A}.Release|Any CPU.ActiveCfg = Release|Any CPU
		{8FC741D0-490D-4A07-BD93-C5F2299CE24A}.Release|Any CPU.Build.0 = Release|Any CPU
		{4221CDEF-83FD-439C-B512-545667FD28A2}.Debug|Any CPU.ActiveCfg = Debug|Any CPU
		{4221CDEF-83FD-439C-B512-545667FD28A2}.Debug|Any CPU.Build.0 = Debug|Any CPU
		{4221CDEF-83FD-439C-B512-545667FD28A2}.Release|Any CPU.ActiveCfg = Release|Any CPU
		{4221CDEF-83FD-439C-B512-545667FD28A2}.Release|Any CPU.Build.0 = Release|Any CPU
		{66ABAC92-41F9-451F-99C3-5C990F8A08F9}.Debug|Any CPU.ActiveCfg = Debug|Any CPU
		{66ABAC92-41F9-451F-99C3-5C990F8A08F9}.Debug|Any CPU.Build.0 = Debug|Any CPU
		{66ABAC92-41F9-451F-99C3-5C990F8A08F9}.Release|Any CPU.ActiveCfg = Release|Any CPU
		{66ABAC92-41F9-451F-99C3-5C990F8A08F9}.Release|Any CPU.Build.0 = Release|Any CPU
	EndGlobalSection
	GlobalSection(SolutionProperties) = preSolution
		HideSolutionNode = FALSE
	EndGlobalSection
	GlobalSection(ExtensibilityGlobals) = postSolution
		SolutionGuid = {4373BE8B-F772-4152-87BB-E98910FA7A28}
	EndGlobalSection
EndGlobal
